
Microsoft Visual Studio Solution File, Format Version 12.00
# Visual Studio Version 16
VisualStudioVersion = 16.0.31729.503
MinimumVisualStudioVersion = 10.0.40219.1
Project("{FAE04EC0-301F-11D3-BF4B-00C04F79EFBC}") = "NominaProject", "NominaProject\NominaProject.csproj", "{ED38AD6A-C98E-4AFB-AEF0-198D626A830E}"
EndProject
Global
	GlobalSection(SolutionConfigurationPlatforms) = preSolution
		Debug|Any CPU = Debug|Any CPU
		Release|Any CPU = Release|Any CPU
	EndGlobalSection
	GlobalSection(ProjectConfigurationPlatforms) = postSolution
		{ED38AD6A-C98E-4AFB-AEF0-198D626A830E}.Debug|Any CPU.ActiveCfg = Debug|Any CPU
		{ED38AD6A-C98E-4AFB-AEF0-198D626A830E}.Debug|Any CPU.Build.0 = Debug|Any CPU
		{ED38AD6A-C98E-4AFB-AEF0-198D626A830E}.Release|Any CPU.ActiveCfg = Release|Any CPU
		{ED38AD6A-C98E-4AFB-AEF0-198D626A830E}.Release|Any CPU.Build.0 = Release|Any CPU
	EndGlobalSection
	GlobalSection(SolutionProperties) = preSolution
		HideSolutionNode = FALSE
	EndGlobalSection
	GlobalSection(ExtensibilityGlobals) = postSolution
		SolutionGuid = {229967BC-5A8A-4787-9D31-4AA481C1204C}
	EndGlobalSection
EndGlobal
